
Microsoft Visual Studio Solution File, Format Version 12.00
Project("{FAE04EC0-301F-11D3-BF4B-00C04F79EFBC}") = "Engine", "Engine\Engine.csproj", "{D4E42531-4008-40C6-BD94-95F02FC0DFE2}"
EndProject
Project("{FAE04EC0-301F-11D3-BF4B-00C04F79EFBC}") = "Engine.Generator", "Engine.Generator\Engine.Generator.csproj", "{94F2B6CE-07CE-48FD-A818-23949CD47A15}"
EndProject
Project("{FAE04EC0-301F-11D3-BF4B-00C04F79EFBC}") = "Engine.Renderer", "Engine.Renderer\Engine.Renderer.csproj", "{257FF756-DF85-4994-9BEF-5CB316F39BBD}"
EndProject
Project("{FAE04EC0-301F-11D3-BF4B-00C04F79EFBC}") = "Engine.Editor", "Engine.Editor\Engine.Editor.csproj", "{210010CD-B94D-4166-BCBD-E79D7F8E8986}"
EndProject
Project("{FAE04EC0-301F-11D3-BF4B-00C04F79EFBC}") = "Engine.Tests", "Engine.Tests\Engine.Tests.csproj", "{03F7F5A7-B6A6-4A2B-905B-311580296CCB}"
EndProject
Project("{FAE04EC0-301F-11D3-BF4B-00C04F79EFBC}") = "Engine.ECS", "Engine.ECS\Engine.ECS.csproj", "{24790B1A-7C5A-4D71-8E7B-413184BF9121}"
EndProject
Project("{FAE04EC0-301F-11D3-BF4B-00C04F79EFBC}") = "Engine.App", "Engine.App\Engine.App.csproj", "{7D09488B-6264-45E4-930A-2607BF0C4AEF}"
EndProject
Project("{FAE04EC0-301F-11D3-BF4B-00C04F79EFBC}") = "Engine.Vulkan", "Engine.Vulkan\Engine.Vulkan.csproj", "{12DEB1E8-19F5-432F-AEB6-BD9CD3A9217D}"
EndProject
Project("{FAE04EC0-301F-11D3-BF4B-00C04F79EFBC}") = "Engine.Window", "Engine.Window\Engine.Window.csproj", "{0038391B-6EDF-4149-85EA-C3989135E4B7}"
EndProject
Project("{FAE04EC0-301F-11D3-BF4B-00C04F79EFBC}") = "Engine.Core", "Engine.Core\Engine.Core.csproj", "{E98FF9DF-9D9E-4CAB-80F2-C80EAA7E6D66}"
EndProject
Global
	GlobalSection(SolutionConfigurationPlatforms) = preSolution
		Debug|Any CPU = Debug|Any CPU
		Release|Any CPU = Release|Any CPU
	EndGlobalSection
	GlobalSection(ProjectConfigurationPlatforms) = postSolution
		{D4E42531-4008-40C6-BD94-95F02FC0DFE2}.Debug|Any CPU.ActiveCfg = Debug|Any CPU
		{D4E42531-4008-40C6-BD94-95F02FC0DFE2}.Debug|Any CPU.Build.0 = Debug|Any CPU
		{D4E42531-4008-40C6-BD94-95F02FC0DFE2}.Release|Any CPU.ActiveCfg = Release|Any CPU
		{D4E42531-4008-40C6-BD94-95F02FC0DFE2}.Release|Any CPU.Build.0 = Release|Any CPU
		{94F2B6CE-07CE-48FD-A818-23949CD47A15}.Debug|Any CPU.ActiveCfg = Debug|Any CPU
		{94F2B6CE-07CE-48FD-A818-23949CD47A15}.Debug|Any CPU.Build.0 = Debug|Any CPU
		{94F2B6CE-07CE-48FD-A818-23949CD47A15}.Release|Any CPU.ActiveCfg = Release|Any CPU
		{94F2B6CE-07CE-48FD-A818-23949CD47A15}.Release|Any CPU.Build.0 = Release|Any CPU
		{257FF756-DF85-4994-9BEF-5CB316F39BBD}.Debug|Any CPU.ActiveCfg = Debug|Any CPU
		{257FF756-DF85-4994-9BEF-5CB316F39BBD}.Debug|Any CPU.Build.0 = Debug|Any CPU
		{257FF756-DF85-4994-9BEF-5CB316F39BBD}.Release|Any CPU.ActiveCfg = Release|Any CPU
		{257FF756-DF85-4994-9BEF-5CB316F39BBD}.Release|Any CPU.Build.0 = Release|Any CPU
		{210010CD-B94D-4166-BCBD-E79D7F8E8986}.Debug|Any CPU.ActiveCfg = Debug|Any CPU
		{210010CD-B94D-4166-BCBD-E79D7F8E8986}.Debug|Any CPU.Build.0 = Debug|Any CPU
		{210010CD-B94D-4166-BCBD-E79D7F8E8986}.Release|Any CPU.ActiveCfg = Release|Any CPU
		{210010CD-B94D-4166-BCBD-E79D7F8E8986}.Release|Any CPU.Build.0 = Release|Any CPU
		{03F7F5A7-B6A6-4A2B-905B-311580296CCB}.Debug|Any CPU.ActiveCfg = Debug|Any CPU
		{03F7F5A7-B6A6-4A2B-905B-311580296CCB}.Debug|Any CPU.Build.0 = Debug|Any CPU
		{03F7F5A7-B6A6-4A2B-905B-311580296CCB}.Release|Any CPU.ActiveCfg = Release|Any CPU
		{03F7F5A7-B6A6-4A2B-905B-311580296CCB}.Release|Any CPU.Build.0 = Release|Any CPU
		{24790B1A-7C5A-4D71-8E7B-413184BF9121}.Debug|Any CPU.ActiveCfg = Debug|Any CPU
		{24790B1A-7C5A-4D71-8E7B-413184BF9121}.Debug|Any CPU.Build.0 = Debug|Any CPU
		{24790B1A-7C5A-4D71-8E7B-413184BF9121}.Release|Any CPU.ActiveCfg = Release|Any CPU
		{24790B1A-7C5A-4D71-8E7B-413184BF9121}.Release|Any CPU.Build.0 = Release|Any CPU
		{7D09488B-6264-45E4-930A-2607BF0C4AEF}.Debug|Any CPU.ActiveCfg = Debug|Any CPU
		{7D09488B-6264-45E4-930A-2607BF0C4AEF}.Debug|Any CPU.Build.0 = Debug|Any CPU
		{7D09488B-6264-45E4-930A-2607BF0C4AEF}.Release|Any CPU.ActiveCfg = Release|Any CPU
		{7D09488B-6264-45E4-930A-2607BF0C4AEF}.Release|Any CPU.Build.0 = Release|Any CPU
		{12DEB1E8-19F5-432F-AEB6-BD9CD3A9217D}.Debug|Any CPU.ActiveCfg = Debug|Any CPU
		{12DEB1E8-19F5-432F-AEB6-BD9CD3A9217D}.Debug|Any CPU.Build.0 = Debug|Any CPU
		{12DEB1E8-19F5-432F-AEB6-BD9CD3A9217D}.Release|Any CPU.ActiveCfg = Release|Any CPU
		{12DEB1E8-19F5-432F-AEB6-BD9CD3A9217D}.Release|Any CPU.Build.0 = Release|Any CPU
		{0038391B-6EDF-4149-85EA-C3989135E4B7}.Debug|Any CPU.ActiveCfg = Debug|Any CPU
		{0038391B-6EDF-4149-85EA-C3989135E4B7}.Debug|Any CPU.Build.0 = Debug|Any CPU
		{0038391B-6EDF-4149-85EA-C3989135E4B7}.Release|Any CPU.ActiveCfg = Release|Any CPU
		{0038391B-6EDF-4149-85EA-C3989135E4B7}.Release|Any CPU.Build.0 = Release|Any CPU
		{E98FF9DF-9D9E-4CAB-80F2-C80EAA7E6D66}.Debug|Any CPU.ActiveCfg = Debug|Any CPU
		{E98FF9DF-9D9E-4CAB-80F2-C80EAA7E6D66}.Debug|Any CPU.Build.0 = Debug|Any CPU
		{E98FF9DF-9D9E-4CAB-80F2-C80EAA7E6D66}.Release|Any CPU.ActiveCfg = Release|Any CPU
		{E98FF9DF-9D9E-4CAB-80F2-C80EAA7E6D66}.Release|Any CPU.Build.0 = Release|Any CPU
	EndGlobalSection
EndGlobal
